
Microsoft Visual Studio Solution File, Format Version 12.00
# Visual Studio 15
VisualStudioVersion = 15.0.28307.1758
MinimumVisualStudioVersion = 10.0.40219.1
Project("{FAE04EC0-301F-11D3-BF4B-00C04F79EFBC}") = "PartialViews", "PartialViews\PartialViews.csproj", "{1AF59D53-33F8-4956-AE98-412E595E3F1D}"
EndProject
Global
	GlobalSection(SolutionConfigurationPlatforms) = preSolution
		Debug|Any CPU = Debug|Any CPU
		Release|Any CPU = Release|Any CPU
	EndGlobalSection
	GlobalSection(ProjectConfigurationPlatforms) = postSolution
		{1AF59D53-33F8-4956-AE98-412E595E3F1D}.Debug|Any CPU.ActiveCfg = Debug|Any CPU
		{1AF59D53-33F8-4956-AE98-412E595E3F1D}.Debug|Any CPU.Build.0 = Debug|Any CPU
		{1AF59D53-33F8-4956-AE98-412E595E3F1D}.Release|Any CPU.ActiveCfg = Release|Any CPU
		{1AF59D53-33F8-4956-AE98-412E595E3F1D}.Release|Any CPU.Build.0 = Release|Any CPU
	EndGlobalSection
	GlobalSection(SolutionProperties) = preSolution
		HideSolutionNode = FALSE
	EndGlobalSection
	GlobalSection(ExtensibilityGlobals) = postSolution
		SolutionGuid = {1C5BB85D-6D2A-4848-A0CB-520FE073ABBB}
	EndGlobalSection
EndGlobal
